
Microsoft Visual Studio Solution File, Format Version 12.00
# Visual Studio Version 17
VisualStudioVersion = 17.4.33213.308
MinimumVisualStudioVersion = 10.0.40219.1
Project("{9A19103F-16F7-4668-BE54-9A1E7A4F7556}") = "challengeapp1", "challengeapp1\challengeapp1.csproj", "{CB1AE2FB-FFCA-4C6A-B118-3D7B66AF3496}"
EndProject
Project("{FAE04EC0-301F-11D3-BF4B-00C04F79EFBC}") = "challengeapp1.Tests", "challengeapp1.Tests\challengeapp1.Tests.csproj", "{8FA9A94A-0B17-4FF7-AD52-0FEE99425CB4}"
EndProject
Global
	GlobalSection(SolutionConfigurationPlatforms) = preSolution
		Debug|Any CPU = Debug|Any CPU
		Release|Any CPU = Release|Any CPU
	EndGlobalSection
	GlobalSection(ProjectConfigurationPlatforms) = postSolution
		{CB1AE2FB-FFCA-4C6A-B118-3D7B66AF3496}.Debug|Any CPU.ActiveCfg = Debug|Any CPU
		{CB1AE2FB-FFCA-4C6A-B118-3D7B66AF3496}.Debug|Any CPU.Build.0 = Debug|Any CPU
		{CB1AE2FB-FFCA-4C6A-B118-3D7B66AF3496}.Release|Any CPU.ActiveCfg = Release|Any CPU
		{CB1AE2FB-FFCA-4C6A-B118-3D7B66AF3496}.Release|Any CPU.Build.0 = Release|Any CPU
		{8FA9A94A-0B17-4FF7-AD52-0FEE99425CB4}.Debug|Any CPU.ActiveCfg = Debug|Any CPU
		{8FA9A94A-0B17-4FF7-AD52-0FEE99425CB4}.Debug|Any CPU.Build.0 = Debug|Any CPU
		{8FA9A94A-0B17-4FF7-AD52-0FEE99425CB4}.Release|Any CPU.ActiveCfg = Release|Any CPU
		{8FA9A94A-0B17-4FF7-AD52-0FEE99425CB4}.Release|Any CPU.Build.0 = Release|Any CPU
	EndGlobalSection
	GlobalSection(SolutionProperties) = preSolution
		HideSolutionNode = FALSE
	EndGlobalSection
	GlobalSection(ExtensibilityGlobals) = postSolution
		SolutionGuid = {13B0A516-3E68-435E-82E1-010CE4DD5D92}
	EndGlobalSection
EndGlobal
